
Microsoft Visual Studio Solution File, Format Version 12.00
Project("{2150E333-8FDC-42A3-9474-1A3956D46DE8}") = "src", "src", "{1AC5E574-752E-471F-99F9-890043B6C300}"
EndProject
Project("{FAE04EC0-301F-11D3-BF4B-00C04F79EFBC}") = "Business", "Business\Business.csproj", "{D025768E-C340-4BEB-9FEB-94A17E20DD1E}"
EndProject
Project("{FAE04EC0-301F-11D3-BF4B-00C04F79EFBC}") = "Core", "Core\Core.csproj", "{6445C808-285B-4712-8F2F-AC060E9290C8}"
EndProject
Project("{FAE04EC0-301F-11D3-BF4B-00C04F79EFBC}") = "Entities", "Entities\Entities.csproj", "{7E5A3FF4-42E0-42F7-9B60-2D136FB23F29}"
EndProject
Project("{FAE04EC0-301F-11D3-BF4B-00C04F79EFBC}") = "DataAccess", "DataAccess\DataAccess.csproj", "{C1F1376F-8ED8-488A-9D77-35228CAD1EC3}"
EndProject
Project("{FAE04EC0-301F-11D3-BF4B-00C04F79EFBC}") = "WebAPI", "WebAPI\WebAPI.csproj", "{76142C63-444A-4B0B-BC74-3C2FEB65050D}"
EndProject
Global
	GlobalSection(SolutionConfigurationPlatforms) = preSolution
		Debug|Any CPU = Debug|Any CPU
		Release|Any CPU = Release|Any CPU
	EndGlobalSection
	GlobalSection(NestedProjects) = preSolution
		{D025768E-C340-4BEB-9FEB-94A17E20DD1E} = {1AC5E574-752E-471F-99F9-890043B6C300}
		{6445C808-285B-4712-8F2F-AC060E9290C8} = {1AC5E574-752E-471F-99F9-890043B6C300}
		{7E5A3FF4-42E0-42F7-9B60-2D136FB23F29} = {1AC5E574-752E-471F-99F9-890043B6C300}
		{C1F1376F-8ED8-488A-9D77-35228CAD1EC3} = {1AC5E574-752E-471F-99F9-890043B6C300}
		{76142C63-444A-4B0B-BC74-3C2FEB65050D} = {1AC5E574-752E-471F-99F9-890043B6C300}
	EndGlobalSection
	GlobalSection(ProjectConfigurationPlatforms) = postSolution
		{D025768E-C340-4BEB-9FEB-94A17E20DD1E}.Debug|Any CPU.ActiveCfg = Debug|Any CPU
		{D025768E-C340-4BEB-9FEB-94A17E20DD1E}.Debug|Any CPU.Build.0 = Debug|Any CPU
		{D025768E-C340-4BEB-9FEB-94A17E20DD1E}.Release|Any CPU.ActiveCfg = Release|Any CPU
		{D025768E-C340-4BEB-9FEB-94A17E20DD1E}.Release|Any CPU.Build.0 = Release|Any CPU
		{6445C808-285B-4712-8F2F-AC060E9290C8}.Debug|Any CPU.ActiveCfg = Debug|Any CPU
		{6445C808-285B-4712-8F2F-AC060E9290C8}.Debug|Any CPU.Build.0 = Debug|Any CPU
		{6445C808-285B-4712-8F2F-AC060E9290C8}.Release|Any CPU.ActiveCfg = Release|Any CPU
		{6445C808-285B-4712-8F2F-AC060E9290C8}.Release|Any CPU.Build.0 = Release|Any CPU
		{7E5A3FF4-42E0-42F7-9B60-2D136FB23F29}.Debug|Any CPU.ActiveCfg = Debug|Any CPU
		{7E5A3FF4-42E0-42F7-9B60-2D136FB23F29}.Debug|Any CPU.Build.0 = Debug|Any CPU
		{7E5A3FF4-42E0-42F7-9B60-2D136FB23F29}.Release|Any CPU.ActiveCfg = Release|Any CPU
		{7E5A3FF4-42E0-42F7-9B60-2D136FB23F29}.Release|Any CPU.Build.0 = Release|Any CPU
		{C1F1376F-8ED8-488A-9D77-35228CAD1EC3}.Debug|Any CPU.ActiveCfg = Debug|Any CPU
		{C1F1376F-8ED8-488A-9D77-35228CAD1EC3}.Debug|Any CPU.Build.0 = Debug|Any CPU
		{C1F1376F-8ED8-488A-9D77-35228CAD1EC3}.Release|Any CPU.ActiveCfg = Release|Any CPU
		{C1F1376F-8ED8-488A-9D77-35228CAD1EC3}.Release|Any CPU.Build.0 = Release|Any CPU
		{76142C63-444A-4B0B-BC74-3C2FEB65050D}.Debug|Any CPU.ActiveCfg = Debug|Any CPU
		{76142C63-444A-4B0B-BC74-3C2FEB65050D}.Debug|Any CPU.Build.0 = Debug|Any CPU
		{76142C63-444A-4B0B-BC74-3C2FEB65050D}.Release|Any CPU.ActiveCfg = Release|Any CPU
		{76142C63-444A-4B0B-BC74-3C2FEB65050D}.Release|Any CPU.Build.0 = Release|Any CPU
	EndGlobalSection
EndGlobal
